
Microsoft Visual Studio Solution File, Format Version 12.00
# Visual Studio 15
VisualStudioVersion = 15.0.28307.572
MinimumVisualStudioVersion = 10.0.40219.1
Project("{FAE04EC0-301F-11D3-BF4B-00C04F79EFBC}") = "Battlebus", "Battlebus\Battlebus.csproj", "{CD1C80E6-AF5C-4BC5-AB64-740453713EEB}"
EndProject
Global
	GlobalSection(SolutionConfigurationPlatforms) = preSolution
		Debug|Any CPU = Debug|Any CPU
		Release|Any CPU = Release|Any CPU
	EndGlobalSection
	GlobalSection(ProjectConfigurationPlatforms) = postSolution
		{CD1C80E6-AF5C-4BC5-AB64-740453713EEB}.Debug|Any CPU.ActiveCfg = Debug|Any CPU
		{CD1C80E6-AF5C-4BC5-AB64-740453713EEB}.Debug|Any CPU.Build.0 = Debug|Any CPU
		{CD1C80E6-AF5C-4BC5-AB64-740453713EEB}.Release|Any CPU.ActiveCfg = Release|Any CPU
		{CD1C80E6-AF5C-4BC5-AB64-740453713EEB}.Release|Any CPU.Build.0 = Release|Any CPU
	EndGlobalSection
	GlobalSection(SolutionProperties) = preSolution
		HideSolutionNode = FALSE
	EndGlobalSection
	GlobalSection(ExtensibilityGlobals) = postSolution
		SolutionGuid = {9519F7D8-2E1D-45FE-B6E4-509DCD3EBEB9}
	EndGlobalSection
EndGlobal
